
Microsoft Visual Studio Solution File, Format Version 12.00
# Visual Studio Version 16
VisualStudioVersion = 16.0.31829.152
MinimumVisualStudioVersion = 10.0.40219.1
Project("{FAE04EC0-301F-11D3-BF4B-00C04F79EFBC}") = "ReferenceTypes", "ReferenceTypes\ReferenceTypes.csproj", "{3C2D3843-4A66-48B5-A03C-66E7A4C95FBE}"
EndProject
Global
	GlobalSection(SolutionConfigurationPlatforms) = preSolution
		Debug|Any CPU = Debug|Any CPU
		Release|Any CPU = Release|Any CPU
	EndGlobalSection
	GlobalSection(ProjectConfigurationPlatforms) = postSolution
		{3C2D3843-4A66-48B5-A03C-66E7A4C95FBE}.Debug|Any CPU.ActiveCfg = Debug|Any CPU
		{3C2D3843-4A66-48B5-A03C-66E7A4C95FBE}.Debug|Any CPU.Build.0 = Debug|Any CPU
		{3C2D3843-4A66-48B5-A03C-66E7A4C95FBE}.Release|Any CPU.ActiveCfg = Release|Any CPU
		{3C2D3843-4A66-48B5-A03C-66E7A4C95FBE}.Release|Any CPU.Build.0 = Release|Any CPU
	EndGlobalSection
	GlobalSection(SolutionProperties) = preSolution
		HideSolutionNode = FALSE
	EndGlobalSection
	GlobalSection(ExtensibilityGlobals) = postSolution
		SolutionGuid = {3066F6CE-0545-4013-9127-FCD64A8BA5A4}
	EndGlobalSection
EndGlobal
